
Microsoft Visual Studio Solution File, Format Version 12.00
# Visual Studio 15
VisualStudioVersion = 15.0.28010.2016
MinimumVisualStudioVersion = 10.0.40219.1
Project("{FAE04EC0-301F-11D3-BF4B-00C04F79EFBC}") = "CompareRemedios.Portal", "CompareRemedios.Portal\CompareRemedios.Portal.csproj", "{B7F562BD-0590-4444-B600-1C0F5762E90C}"
EndProject
Project("{FAE04EC0-301F-11D3-BF4B-00C04F79EFBC}") = "CompareRemedios.Dominio", "CompareRemedios.Dominio\CompareRemedios.Dominio.csproj", "{F66BA899-D7D5-4E12-9891-C07776185FBA}"
EndProject
Global
	GlobalSection(SolutionConfigurationPlatforms) = preSolution
		Debug|Any CPU = Debug|Any CPU
		Release|Any CPU = Release|Any CPU
	EndGlobalSection
	GlobalSection(ProjectConfigurationPlatforms) = postSolution
		{B7F562BD-0590-4444-B600-1C0F5762E90C}.Debug|Any CPU.ActiveCfg = Debug|Any CPU
		{B7F562BD-0590-4444-B600-1C0F5762E90C}.Debug|Any CPU.Build.0 = Debug|Any CPU
		{B7F562BD-0590-4444-B600-1C0F5762E90C}.Release|Any CPU.ActiveCfg = Release|Any CPU
		{B7F562BD-0590-4444-B600-1C0F5762E90C}.Release|Any CPU.Build.0 = Release|Any CPU
		{F66BA899-D7D5-4E12-9891-C07776185FBA}.Debug|Any CPU.ActiveCfg = Debug|Any CPU
		{F66BA899-D7D5-4E12-9891-C07776185FBA}.Debug|Any CPU.Build.0 = Debug|Any CPU
		{F66BA899-D7D5-4E12-9891-C07776185FBA}.Release|Any CPU.ActiveCfg = Release|Any CPU
		{F66BA899-D7D5-4E12-9891-C07776185FBA}.Release|Any CPU.Build.0 = Release|Any CPU
	EndGlobalSection
	GlobalSection(SolutionProperties) = preSolution
		HideSolutionNode = FALSE
	EndGlobalSection
	GlobalSection(ExtensibilityGlobals) = postSolution
		SolutionGuid = {C961FFDA-16E6-4D7F-BFA8-6C8BF60DA1A3}
	EndGlobalSection
EndGlobal
